
Microsoft Visual Studio Solution File, Format Version 12.00
# Visual Studio Version 17
VisualStudioVersion = 17.4.33213.308
MinimumVisualStudioVersion = 10.0.40219.1
Project("{FAE04EC0-301F-11D3-BF4B-00C04F79EFBC}") = "BubbleSorter", "BubbleSorter\BubbleSorter.csproj", "{FD32A040-5E04-489F-9318-94D0B053A0EE}"
EndProject
Global
	GlobalSection(SolutionConfigurationPlatforms) = preSolution
		Debug|Any CPU = Debug|Any CPU
		Release|Any CPU = Release|Any CPU
	EndGlobalSection
	GlobalSection(ProjectConfigurationPlatforms) = postSolution
		{FD32A040-5E04-489F-9318-94D0B053A0EE}.Debug|Any CPU.ActiveCfg = Debug|Any CPU
		{FD32A040-5E04-489F-9318-94D0B053A0EE}.Debug|Any CPU.Build.0 = Debug|Any CPU
		{FD32A040-5E04-489F-9318-94D0B053A0EE}.Release|Any CPU.ActiveCfg = Release|Any CPU
		{FD32A040-5E04-489F-9318-94D0B053A0EE}.Release|Any CPU.Build.0 = Release|Any CPU
	EndGlobalSection
	GlobalSection(SolutionProperties) = preSolution
		HideSolutionNode = FALSE
	EndGlobalSection
	GlobalSection(ExtensibilityGlobals) = postSolution
		SolutionGuid = {67C74B17-9286-4B27-BB96-FC6289A42BF6}
	EndGlobalSection
EndGlobal
